{
  "name": "excel_competencies_tracking",
  "version": "1.0.0",
  "lockfileVersion": 1,
  "requires": true,
  "dependencies": {
    "addressparser": {
      "version": "1.0.1",
      "resolved": "https://registry.npmjs.org/addressparser/-/addressparser-1.0.1.tgz",
      "integrity": "sha1-R6++GiqSYhkdtoOOT9HTm0CCF0Y="
    },
    "buildmail": {
      "version": "4.0.1",
      "resolved": "https://registry.npmjs.org/buildmail/-/buildmail-4.0.1.tgz",
      "integrity": "sha1-h393OLeHKYccmhBeO4N9K+EaenI=",
      "requires": {
        "addressparser": "1.0.1",
        "libbase64": "0.1.0",
        "libmime": "3.0.0",
        "libqp": "1.1.0",
        "nodemailer-fetch": "1.6.0",
        "nodemailer-shared": "1.1.0",
        "punycode": "1.4.1"
      }
    },
    "fs": {
      "version": "0.0.1-security",
      "resolved": "https://registry.npmjs.org/fs/-/fs-0.0.1-security.tgz",
      "integrity": "sha1-invTcYa23d84E/I4WLV+yq9eQdQ="
    },
    "iconv-lite": {
      "version": "0.4.15",
      "resolved": "https://registry.npmjs.org/iconv-lite/-/iconv-lite-0.4.15.tgz",
      "integrity": "sha1-/iZaIYrGpXz+hUkn6dBMGYJe3es="
    },
    "libbase64": {
      "version": "0.1.0",
      "resolved": "https://registry.npmjs.org/libbase64/-/libbase64-0.1.0.tgz",
      "integrity": "sha1-YjUag5VjrF/1vSbxL2Dpgwu3UeY="
    },
    "libmime": {
      "version": "3.0.0",
      "resolved": "https://registry.npmjs.org/libmime/-/libmime-3.0.0.tgz",
      "integrity": "sha1-UaGp50SOy9Ms2lRCFnW7IbwJPaY=",
      "requires": {
        "iconv-lite": "0.4.15",
        "libbase64": "0.1.0",
        "libqp": "1.1.0"
      }
    },
    "libqp": {
      "version": "1.1.0",
      "resolved": "https://registry.npmjs.org/libqp/-/libqp-1.1.0.tgz",
      "integrity": "sha1-9ebgatdLeU+1tbZpiL9yjvHe2+g="
    },
    "mailcomposer": {
      "version": "4.0.2",
      "resolved": "https://registry.npmjs.org/mailcomposer/-/mailcomposer-4.0.2.tgz",
      "integrity": "sha1-tjVALMfy7tsQEw09Ca2IscLX4QE=",
      "requires": {
        "buildmail": "4.0.1",
        "libmime": "3.0.0"
      }
    },
    "nodemailer-fetch": {
      "version": "1.6.0",
      "resolved": "https://registry.npmjs.org/nodemailer-fetch/-/nodemailer-fetch-1.6.0.tgz",
      "integrity": "sha1-ecSQihwPXzdbc/6IjamCj23JY6Q="
    },
    "nodemailer-shared": {
      "version": "1.1.0",
      "resolved": "https://registry.npmjs.org/nodemailer-shared/-/nodemailer-shared-1.1.0.tgz",
      "integrity": "sha1-z1mU4v0mjQD1zw+nZ6CBae2wfsA=",
      "requires": {
        "nodemailer-fetch": "1.6.0"
      }
    },
    "punycode": {
      "version": "1.4.1",
      "resolved": "https://registry.npmjs.org/punycode/-/punycode-1.4.1.tgz",
      "integrity": "sha1-wNWmOycYgArY4esPpSachN1BhF4="
    },
    "to-csv": {
      "version": "github:jwerle/to-csv#a03eba99735c63c2816b3e06d7a53fba37efd327",
      "from": "github:jwerle/to-csv"
    }
  }
}
